
Microsoft Visual Studio Solution File, Format Version 12.00
# Visual Studio Version 16
VisualStudioVersion = 16.0.31515.178
MinimumVisualStudioVersion = 10.0.40219.1
Project("{FAE04EC0-301F-11D3-BF4B-00C04F79EFBC}") = "persona", "persona\persona.csproj", "{9C08C394-A30F-4A61-86C1-3A8C193100AD}"
EndProject
Global
	GlobalSection(SolutionConfigurationPlatforms) = preSolution
		Debug|Any CPU = Debug|Any CPU
		Release|Any CPU = Release|Any CPU
	EndGlobalSection
	GlobalSection(ProjectConfigurationPlatforms) = postSolution
		{9C08C394-A30F-4A61-86C1-3A8C193100AD}.Debug|Any CPU.ActiveCfg = Debug|Any CPU
		{9C08C394-A30F-4A61-86C1-3A8C193100AD}.Debug|Any CPU.Build.0 = Debug|Any CPU
		{9C08C394-A30F-4A61-86C1-3A8C193100AD}.Release|Any CPU.ActiveCfg = Release|Any CPU
		{9C08C394-A30F-4A61-86C1-3A8C193100AD}.Release|Any CPU.Build.0 = Release|Any CPU
	EndGlobalSection
	GlobalSection(SolutionProperties) = preSolution
		HideSolutionNode = FALSE
	EndGlobalSection
	GlobalSection(ExtensibilityGlobals) = postSolution
		SolutionGuid = {8659932F-F23E-4069-93C3-A6B52D8E5270}
	EndGlobalSection
EndGlobal
